
Microsoft Visual Studio Solution File, Format Version 12.00
# Visual Studio Version 16
VisualStudioVersion = 16.0.28803.156
MinimumVisualStudioVersion = 10.0.40219.1
Project("{9A19103F-16F7-4668-BE54-9A1E7A4F7556}") = "dotnet-webapi", "dotnet-webapi.csproj", "{AEAA8AB6-1026-4E57-B28C-3A309A4808D9}"
EndProject
Project("{FAE04EC0-301F-11D3-BF4B-00C04F79EFBC}") = "dotnet-webapi-tests", "..\dotnet-webapi-tests\dotnet-webapi-tests.csproj", "{50F9225E-6957-490D-B107-CD0E2E499648}"
EndProject
Global
	GlobalSection(SolutionConfigurationPlatforms) = preSolution
		Debug|Any CPU = Debug|Any CPU
		Release|Any CPU = Release|Any CPU
	EndGlobalSection
	GlobalSection(ProjectConfigurationPlatforms) = postSolution
		{AEAA8AB6-1026-4E57-B28C-3A309A4808D9}.Debug|Any CPU.ActiveCfg = Debug|Any CPU
		{AEAA8AB6-1026-4E57-B28C-3A309A4808D9}.Debug|Any CPU.Build.0 = Debug|Any CPU
		{AEAA8AB6-1026-4E57-B28C-3A309A4808D9}.Release|Any CPU.ActiveCfg = Release|Any CPU
		{AEAA8AB6-1026-4E57-B28C-3A309A4808D9}.Release|Any CPU.Build.0 = Release|Any CPU
		{50F9225E-6957-490D-B107-CD0E2E499648}.Debug|Any CPU.ActiveCfg = Debug|Any CPU
		{50F9225E-6957-490D-B107-CD0E2E499648}.Debug|Any CPU.Build.0 = Debug|Any CPU
		{50F9225E-6957-490D-B107-CD0E2E499648}.Release|Any CPU.ActiveCfg = Release|Any CPU
		{50F9225E-6957-490D-B107-CD0E2E499648}.Release|Any CPU.Build.0 = Release|Any CPU
	EndGlobalSection
	GlobalSection(SolutionProperties) = preSolution
		HideSolutionNode = FALSE
	EndGlobalSection
	GlobalSection(ExtensibilityGlobals) = postSolution
		SolutionGuid = {74C599FD-0EAE-452F-95B5-404218D24549}
	EndGlobalSection
EndGlobal
